// !$*UTF8*$!
{
	archiveVersion = 1;
	classes = {
	};
	objectVersion = 46;
	objects = {

/* Begin PBXBuildFile section */
		D0B1D7C11BF7FC1100E6C305 /* AppDelegate.swift in Sources */ = {isa = PBXBuildFile; fileRef = D0B1D7C01BF7FC1100E6C305 /* AppDelegate.swift */; };
		D0B1D7C31BF7FC1100E6C305 /* FirstViewController.swift in Sources */ = {isa = PBXBuildFile; fileRef = D0B1D7C21BF7FC1100E6C305 /* FirstViewController.swift */; };
		D0B1D7C51BF7FC1100E6C305 /* SecondViewController.swift in Sources */ = {isa = PBXBuildFile; fileRef = D0B1D7C41BF7FC1100E6C305 /* SecondViewController.swift */; };
		D0B1D7C81BF7FC1100E6C305 /* Main.storyboard in Resources */ = {isa = PBXBuildFile; fileRef = D0B1D7C61BF7FC1100E6C305 /* Main.storyboard */; };
		D0B1D7CA1BF7FC1100E6C305 /* Images.xcassets in Resources */ = {isa = PBXBuildFile; fileRef = D0B1D7C91BF7FC1100E6C305 /* Images.xcassets */; };
		D0B1D7CD1BF7FC1100E6C305 /* LaunchScreen.xib in Resources */ = {isa = PBXBuildFile; fileRef = D0B1D7CB1BF7FC1100E6C305 /* LaunchScreen.xib */; };
		D0B1D7D91BF7FC1100E6C305 /* CharitodoTests.swift in Sources */ = {isa = PBXBuildFile; fileRef = D0B1D7D81BF7FC1100E6C305 /* CharitodoTests.swift */; };
		D0B1D7E51BF7FCC600E6C305 /* TaskManager.swift in Sources */ = {isa = PBXBuildFile; fileRef = D0B1D7E41BF7FCC600E6C305 /* TaskManager.swift */; };
/* End PBXBuildFile section */

/* Begin PBXContainerItemProxy section */
		D0B1D7D31BF7FC1100E6C305 /* PBXContainerItemProxy */ = {
			isa = PBXContainerItemProxy;
			containerPortal = D0B1D7B31BF7FC1000E6C305 /* Project object */;
			proxyType = 1;
			remoteGlobalIDString = D0B1D7BA1BF7FC1000E6C305;
			remoteInfo = Charitodo;
		};
/* End PBXContainerItemProxy section */

/* Begin PBXFileReference section */
		D0B1D7BB1BF7FC1100E6C305 /* Charitodo.app */ = {isa = PBXFileReference; explicitFileType = wrapper.application; includeInIndex = 0; path = Charitodo.app; sourceTree = BUILT_PRODUCTS_DIR; };
		D0B1D7BF1BF7FC1100E6C305 /* Info.plist */ = {isa = PBXFileReference; lastKnownFileType = text.plist.xml; path = Info.plist; sourceTree = "<group>"; };
		D0B1D7C01BF7FC1100E6C305 /* AppDelegate.swift */ = {isa = PBXFileReference; lastKnownFileType = sourcecode.swift; path = AppDelegate.swift; sourceTree = "<group>"; };
		D0B1D7C21BF7FC1100E6C305 /* FirstViewController.swift */ = {isa = PBXFileReference; lastKnownFileType = sourcecode.swift; path = FirstViewController.swift; sourceTree = "<group>"; };
		D0B1D7C41BF7FC1100E6C305 /* SecondViewController.swift */ = {isa = PBXFileReference; lastKnownFileType = sourcecode.swift; path = SecondViewController.swift; sourceTree = "<group>"; };
		D0B1D7C71BF7FC1100E6C305 /* Base */ = {isa = PBXFileReference; lastKnownFileType = file.storyboard; name = Base; path = Base.lproj/Main.storyboard; sourceTree = "<group>"; };
		D0B1D7C91BF7FC1100E6C305 /* Images.xcassets */ = {isa = PBXFileReference; lastKnownFileType = folder.assetcatalog; path = Images.xcassets; sourceTree = "<group>"; };
		D0B1D7CC1BF7FC1100E6C305 /* Base */ = {isa = PBXFileReference; lastKnownFileType = file.xib; name = Base; path = Base.lproj/LaunchScreen.xib; sourceTree = "<group>"; };
		D0B1D7D21BF7FC1100E6C305 /* CharitodoTests.xctest */ = {isa = PBXFileReference; explicitFileType = wrapper.cfbundle; includeInIndex = 0; path = CharitodoTests.xctest; sourceTree = BUILT_PRODUCTS_DIR; };
		D0B1D7D71BF7FC1100E6C305 /* Info.plist */ = {isa = PBXFileReference; lastKnownFileType = text.plist.xml; path = Info.plist; sourceTree = "<group>"; };
		D0B1D7D81BF7FC1100E6C305 /* CharitodoTests.swift */ = {isa = PBXFileReference; lastKnownFileType = sourcecode.swift; path = CharitodoTests.swift; sourceTree = "<group>"; };
		D0B1D7E41BF7FCC600E6C305 /* TaskManager.swift */ = {isa = PBXFileReference; fileEncoding = 4; lastKnownFileType = sourcecode.swift; name = TaskManager.swift; path = ../TaskManager.swift; sourceTree = "<group>"; };
/* End PBXFileReference section */

/* Begin PBXFrameworksBuildPhase section */
		D0B1D7B81BF7FC1000E6C305 /* Frameworks */ = {
			isa = PBXFrameworksBuildPhase;
			buildActionMask = 2147483647;
			files = (
			);
			runOnlyForDeploymentPostprocessing = 0;
		};
		D0B1D7CF1BF7FC1100E6C305 /* Frameworks */ = {
			isa = PBXFrameworksBuildPhase;
			buildActionMask = 2147483647;
			files = (
			);
			runOnlyForDeploymentPostprocessing = 0;
		};
/* End PBXFrameworksBuildPhase section */

/* Begin PBXGroup section */
		D0B1D7B21BF7FC1000E6C305 = {
			isa = PBXGroup;
			children = (
				D0B1D7BD1BF7FC1100E6C305 /* Charitodo */,
				D0B1D7D51BF7FC1100E6C305 /* CharitodoTests */,
				D0B1D7BC1BF7FC1100E6C305 /* Products */,
			);
			sourceTree = "<group>";
		};
		D0B1D7BC1BF7FC1100E6C305 /* Products */ = {
			isa = PBXGroup;
			children = (
				D0B1D7BB1BF7FC1100E6C305 /* Charitodo.app */,
				D0B1D7D21BF7FC1100E6C305 /* CharitodoTests.xctest */,
			);
			name = Products;
			sourceTree = "<group>";
		};
		D0B1D7BD1BF7FC1100E6C305 /* Charitodo */ = {
			isa = PBXGroup;
			children = (
				D0B1D7C01BF7FC1100E6C305 /* AppDelegate.swift */,
				D0B1D7C21BF7FC1100E6C305 /* FirstViewController.swift */,
				D0B1D7C41BF7FC1100E6C305 /* SecondViewController.swift */,
				D0B1D7E41BF7FCC600E6C305 /* TaskManager.swift */,
				D0B1D7C61BF7FC1100E6C305 /* Main.storyboard */,
				D0B1D7C91BF7FC1100E6C305 /* Images.xcassets */,
				D0B1D7CB1BF7FC1100E6C305 /* LaunchScreen.xib */,
				D0B1D7BE1BF7FC1100E6C305 /* Supporting Files */,
			);
			path = Charitodo;
			sourceTree = "<group>";
		};
		D0B1D7BE1BF7FC1100E6C305 /* Supporting Files */ = {
			isa = PBXGroup;
			children = (
				D0B1D7BF1BF7FC1100E6C305 /* Info.plist */,
			);
			name = "Supporting Files";
			sourceTree = "<group>";
		};
		D0B1D7D51BF7FC1100E6C305 /* CharitodoTests */ = {
			isa = PBXGroup;
			children = (
				D0B1D7D81BF7FC1100E6C305 /* CharitodoTests.swift */,
				D0B1D7D61BF7FC1100E6C305 /* Supporting Files */,
			);
			path = CharitodoTests;
			sourceTree = "<group>";
		};
		D0B1D7D61BF7FC1100E6C305 /* Supporting Files */ = {
			isa = PBXGroup;
			children = (
				D0B1D7D71BF7FC1100E6C305 /* Info.plist */,
			);
			name = "Supporting Files";
			sourceTree = "<group>";
		};
/* End PBXGroup section */

/* Begin PBXNativeTarget section */
		D0B1D7BA1BF7FC1000E6C305 /* Charitodo */ = {
			isa = PBXNativeTarget;
			buildConfigurationList = D0B1D7DC1BF7FC1100E6C305 /* Build configuration list for PBXNativeTarget "Charitodo" */;
			buildPhases = (
				D0B1D7B71BF7FC1000E6C305 /* Sources */,
				D0B1D7B81BF7FC1000E6C305 /* Frameworks */,
				D0B1D7B91BF7FC1000E6C305 /* Resources */,
			);
			buildRules = (
			);
			dependencies = (
			);
			name = Charitodo;
			productName = Charitodo;
			productReference = D0B1D7BB1BF7FC1100E6C305 /* Charitodo.app */;
			productType = "com.apple.product-type.application";
		};
		D0B1D7D11BF7FC1100E6C305 /* CharitodoTests */ = {
			isa = PBXNativeTarget;
			buildConfigurationList = D0B1D7DF1BF7FC1100E6C305 /* Build configuration list for PBXNativeTarget "CharitodoTests" */;
			buildPhases = (
				D0B1D7CE1BF7FC1100E6C305 /* Sources */,
				D0B1D7CF1BF7FC1100E6C305 /* Frameworks */,
				D0B1D7D01BF7FC1100E6C305 /* Resources */,
			);
			buildRules = (
			);
			dependencies = (
				D0B1D7D41BF7FC1100E6C305 /* PBXTargetDependency */,
			);
			name = CharitodoTests;
			productName = CharitodoTests;
			productReference = D0B1D7D21BF7FC1100E6C305 /* CharitodoTests.xctest */;
			productType = "com.apple.product-type.bundle.unit-test";
		};
/* End PBXNativeTarget section */

/* Begin PBXProject section */
		D0B1D7B31BF7FC1000E6C305 /* Project object */ = {
			isa = PBXProject;
			attributes = {
				LastUpgradeCheck = 0640;
				ORGANIZATIONNAME = Michela;
				TargetAttributes = {
					D0B1D7BA1BF7FC1000E6C305 = {
						CreatedOnToolsVersion = 6.4;
					};
					D0B1D7D11BF7FC1100E6C305 = {
						CreatedOnToolsVersion = 6.4;
						TestTargetID = D0B1D7BA1BF7FC1000E6C305;
					};
				};
			};
			buildConfigurationList = D0B1D7B61BF7FC1000E6C305 /* Build configuration list for PBXProject "Charitodo" */;
			compatibilityVersion = "Xcode 3.2";
			developmentRegion = English;
			hasScannedForEncodings = 0;
			knownRegions = (
				en,
				Base,
			);
			mainGroup = D0B1D7B21BF7FC1000E6C305;
			productRefGroup = D0B1D7BC1BF7FC1100E6C305 /* Products */;
			projectDirPath = "";
			projectRoot = "";
			targets = (
				D0B1D7BA1BF7FC1000E6C305 /* Charitodo */,
				D0B1D7D11BF7FC1100E6C305 /* CharitodoTests */,
			);
		};
/* End PBXProject section */

/* Begin PBXResourcesBuildPhase section */
		D0B1D7B91BF7FC1000E6C305 /* Resources */ = {
			isa = PBXResourcesBuildPhase;
			buildActionMask = 2147483647;
			files = (
				D0B1D7C81BF7FC1100E6C305 /* Main.storyboard in Resources */,
				D0B1D7CD1BF7FC1100E6C305 /* LaunchScreen.xib in Resources */,
				D0B1D7CA1BF7FC1100E6C305 /* Images.xcassets in Resources */,
			);
			runOnlyForDeploymentPostprocessing = 0;
		};
		D0B1D7D01BF7FC1100E6C305 /* Resources */ = {
			isa = PBXResourcesBuildPhase;
			buildActionMask = 2147483647;
			files = (
			);
			runOnlyForDeploymentPostprocessing = 0;
		};
/* End PBXResourcesBuildPhase section */

/* Begin PBXSourcesBuildPhase section */
		D0B1D7B71BF7FC1000E6C305 /* Sources */ = {
			isa = PBXSourcesBuildPhase;
			buildActionMask = 2147483647;
			files = (
				D0B1D7C51BF7FC1100E6C305 /* SecondViewController.swift in Sources */,
				D0B1D7C11BF7FC1100E6C305 /* AppDelegate.swift in Sources */,
				D0B1D7E51BF7FCC600E6C305 /* TaskManager.swift in Sources */,
				D0B1D7C31BF7FC1100E6C305 /* FirstViewController.swift in Sources */,
			);
			runOnlyForDeploymentPostprocessing = 0;
		};
		D0B1D7CE1BF7FC1100E6C305 /* Sources */ = {
			isa = PBXSourcesBuildPhase;
			buildActionMask = 2147483647;
			files = (
				D0B1D7D91BF7FC1100E6C305 /* CharitodoTests.swift in Sources */,
			);
			runOnlyForDeploymentPostprocessing = 0;
		};
/* End PBXSourcesBuildPhase section */

/* Begin PBXTargetDependency section */
		D0B1D7D41BF7FC1100E6C305 /* PBXTargetDependency */ = {
			isa = PBXTargetDependency;
			target = D0B1D7BA1BF7FC1000E6C305 /* Charitodo */;
			targetProxy = D0B1D7D31BF7FC1100E6C305 /* PBXContainerItemProxy */;
		};
/* End PBXTargetDependency section */

/* Begin PBXVariantGroup section */
		D0B1D7C61BF7FC1100E6C305 /* Main.storyboard */ = {
			isa = PBXVariantGroup;
			children = (
				D0B1D7C71BF7FC1100E6C305 /* Base */,
			);
			name = Main.storyboard;
			sourceTree = "<group>";
		};
		D0B1D7CB1BF7FC1100E6C305 /* LaunchScreen.xib */ = {
			isa = PBXVariantGroup;
			children = (
				D0B1D7CC1BF7FC1100E6C305 /* Base */,
			);
			name = LaunchScreen.xib;
			sourceTree = "<group>";
		};
/* End PBXVariantGroup section */

/* Begin XCBuildConfiguration section */
		D0B1D7DA1BF7FC1100E6C305 /* Debug */ = {
			isa = XCBuildConfiguration;
			buildSettings = {
				ALWAYS_SEARCH_USER_PATHS = NO;
				CLANG_CXX_LANGUAGE_STANDARD = "gnu++0x";
				CLANG_CXX_LIBRARY = "libc++";
				CLANG_ENABLE_MODULES = YES;
				CLANG_ENABLE_OBJC_ARC = YES;
				CLANG_WARN_BOOL_CONVERSION = YES;
				CLANG_WARN_CONSTANT_CONVERSION = YES;
				CLANG_WARN_DIRECT_OBJC_ISA_USAGE = YES_ERROR;
				CLANG_WARN_EMPTY_BODY = YES;
				CLANG_WARN_ENUM_CONVERSION = YES;
				CLANG_WARN_INT_CONVERSION = YES;
				CLANG_WARN_OBJC_ROOT_CLASS = YES_ERROR;
				CLANG_WARN_UNREACHABLE_CODE = YES;
				CLANG_WARN__DUPLICATE_METHOD_MATCH = YES;
				"CODE_SIGN_IDENTITY[sdk=iphoneos*]" = "iPhone Developer";
				COPY_PHASE_STRIP = NO;
				DEBUG_INFORMATION_FORMAT = "dwarf-with-dsym";
				ENABLE_STRICT_OBJC_MSGSEND = YES;
				GCC_C_LANGUAGE_STANDARD = gnu99;
				GCC_DYNAMIC_NO_PIC = NO;
				GCC_NO_COMMON_BLOCKS = YES;
				GCC_OPTIMIZATION_LEVEL = 0;
				GCC_PREPROCESSOR_DEFINITIONS = (
					"DEBUG=1",
					"$(inherited)",
				);
				GCC_SYMBOLS_PRIVATE_EXTERN = NO;
				GCC_WARN_64_TO_32_BIT_CONVERSION = YES;
				GCC_WARN_ABOUT_RETURN_TYPE = YES_ERROR;
				GCC_WARN_UNDECLARED_SELECTOR = YES;
				GCC_WARN_UNINITIALIZED_AUTOS = YES_AGGRESSIVE;
				GCC_WARN_UNUSED_FUNCTION = YES;
				GCC_WARN_UNUSED_VARIABLE = YES;
				IPHONEOS_DEPLOYMENT_TARGET = 8.4;
				MTL_ENABLE_DEBUG_INFO = YES;
				ONLY_ACTIVE_ARCH = YES;
				SDKROOT = iphoneos;
				SWIFT_OPTIMIZATION_LEVEL = "-Onone";
			};
			name = Debug;
		};
		D0B1D7DB1BF7FC1100E6C305 /* Release */ = {
			isa = XCBuildConfiguration;
			buildSettings = {
				ALWAYS_SEARCH_USER_PATHS = NO;
				CLANG_CXX_LANGUAGE_STANDARD = "gnu++0x";
				CLANG_CXX_LIBRARY = "libc++";
				CLANG_ENABLE_MODULES = YES;
				CLANG_ENABLE_OBJC_ARC = YES;
				CLANG_WARN_BOOL_CONVERSION = YES;
				CLANG_WARN_CONSTANT_CONVERSION = YES;
				CLANG_WARN_DIRECT_OBJC_ISA_USAGE = YES_ERROR;
				CLANG_WARN_EMPTY_BODY = YES;
				CLANG_WARN_ENUM_CONVERSION = YES;
				CLANG_WARN_INT_CONVERSION = YES;
				CLANG_WARN_OBJC_ROOT_CLASS = YES_ERROR;
				CLANG_WARN_UNREACHABLE_CODE = YES;
				CLANG_WARN__DUPLICATE_METHOD_MATCH = YES;
				"CODE_SIGN_IDENTITY[sdk=iphoneos*]" = "iPhone Developer";
				COPY_PHASE_STRIP = NO;
				DEBUG_INFORMATION_FORMAT = "dwarf-with-dsym";
				ENABLE_NS_ASSERTIONS = NO;
				ENABLE_STRICT_OBJC_MSGSEND = YES;
				GCC_C_LANGUAGE_STANDARD = gnu99;
				GCC_NO_COMMON_BLOCKS = YES;
				GCC_WARN_64_TO_32_BIT_CONVERSION = YES;
				GCC_WARN_ABOUT_RETURN_TYPE = YES_ERROR;
				GCC_WARN_UNDECLARED_SELECTOR = YES;
				GCC_WARN_UNINITIALIZED_AUTOS = YES_AGGRESSIVE;
				GCC_WARN_UNUSED_FUNCTION = YES;
				GCC_WARN_UNUSED_VARIABLE = YES;
				IPHONEOS_DEPLOYMENT_TARGET = 8.4;
				MTL_ENABLE_DEBUG_INFO = NO;
				SDKROOT = iphoneos;
				VALIDATE_PRODUCT = YES;
			};
			name = Release;
		};
		D0B1D7DD1BF7FC1100E6C305 /* Debug */ = {
			isa = XCBuildConfiguration;
			buildSettings = {
				ASSETCATALOG_COMPILER_APPICON_NAME = AppIcon;
				INFOPLIST_FILE = Charitodo/Info.plist;
				LD_RUNPATH_SEARCH_PATHS = "$(inherited) @executable_path/Frameworks";
				PRODUCT_NAME = "$(TARGET_NAME)";
			};
			name = Debug;
		};
		D0B1D7DE1BF7FC1100E6C305 /* Release */ = {
			isa = XCBuildConfiguration;
			buildSettings = {
				ASSETCATALOG_COMPILER_APPICON_NAME = AppIcon;
				INFOPLIST_FILE = Charitodo/Info.plist;
				LD_RUNPATH_SEARCH_PATHS = "$(inherited) @executable_path/Frameworks";
				PRODUCT_NAME = "$(TARGET_NAME)";
			};
			name = Release;
		};
		D0B1D7E01BF7FC1100E6C305 /* Debug */ = {
			isa = XCBuildConfiguration;
			buildSettings = {
				BUNDLE_LOADER = "$(TEST_HOST)";
				FRAMEWORK_SEARCH_PATHS = (
					"$(SDKROOT)/Developer/Library/Frameworks",
					"$(inherited)",
				);
				GCC_PREPROCESSOR_DEFINITIONS = (
					"DEBUG=1",
					"$(inherited)",
				);
				INFOPLIST_FILE = CharitodoTests/Info.plist;
				LD_RUNPATH_SEARCH_PATHS = "$(inherited) @executable_path/Frameworks @loader_path/Frameworks";
				PRODUCT_NAME = "$(TARGET_NAME)";
				TEST_HOST = "$(BUILT_PRODUCTS_DIR)/Charitodo.app/Charitodo";
			};
			name = Debug;
		};
		D0B1D7E11BF7FC1100E6C305 /* Release */ = {
			isa = XCBuildConfiguration;
			buildSettings = {
				BUNDLE_LOADER = "$(TEST_HOST)";
				FRAMEWORK_SEARCH_PATHS = (
					"$(SDKROOT)/Developer/Library/Frameworks",
					"$(inherited)",
				);
				INFOPLIST_FILE = CharitodoTests/Info.plist;
				LD_RUNPATH_SEARCH_PATHS = "$(inherited) @executable_path/Frameworks @loader_path/Frameworks";
				PRODUCT_NAME = "$(TARGET_NAME)";
				TEST_HOST = "$(BUILT_PRODUCTS_DIR)/Charitodo.app/Charitodo";
			};
			name = Release;
		};
/* End XCBuildConfiguration section */

/* Begin XCConfigurationList section */
		D0B1D7B61BF7FC1000E6C305 /* Build configuration list for PBXProject "Charitodo" */ = {
			isa = XCConfigurationList;
			buildConfigurations = (
				D0B1D7DA1BF7FC1100E6C305 /* Debug */,
				D0B1D7DB1BF7FC1100E6C305 /* Release */,
			);
			defaultConfigurationIsVisible = 0;
			defaultConfigurationName = Release;
		};
		D0B1D7DC1BF7FC1100E6C305 /* Build configuration list for PBXNativeTarget "Charitodo" */ = {
			isa = XCConfigurationList;
			buildConfigurations = (
				D0B1D7DD1BF7FC1100E6C305 /* Debug */,
				D0B1D7DE1BF7FC1100E6C305 /* Release */,
			);
			defaultConfigurationIsVisible = 0;
		};
		D0B1D7DF1BF7FC1100E6C305 /* Build configuration list for PBXNativeTarget "CharitodoTests" */ = {
			isa = XCConfigurationList;
			buildConfigurations = (
				D0B1D7E01BF7FC1100E6C305 /* Debug */,
				D0B1D7E11BF7FC1100E6C305 /* Release */,
			);
			defaultConfigurationIsVisible = 0;
		};
/* End XCConfigurationList section */
	};
	rootObject = D0B1D7B31BF7FC1000E6C305 /* Project object */;
}
